// !$*UTF8*$!
{
	archiveVersion = 1;
	classes = {
	};
	objectVersion = 46;
	objects = {

/* Begin PBXBuildFile section */
		0B099C781BDF5B07004748A0 /* Camera-50.png in Resources */ = {isa = PBXBuildFile; fileRef = 0B099C771BDF5B06004748A0 /* Camera-50.png */; settings = {ASSET_TAGS = (); }; };
		0B099C7C1BDF5CA7004748A0 /* Camera-32.png in Resources */ = {isa = PBXBuildFile; fileRef = 0B099C7B1BDF5CA7004748A0 /* Camera-32.png */; settings = {ASSET_TAGS = (); }; };
		0B099C821BDFB147004748A0 /* User-32.png in Resources */ = {isa = PBXBuildFile; fileRef = 0B099C811BDFB147004748A0 /* User-32.png */; settings = {ASSET_TAGS = (); }; };
		0B099C841BDFB256004748A0 /* User Filled-32.png in Resources */ = {isa = PBXBuildFile; fileRef = 0B099C831BDFB256004748A0 /* User Filled-32.png */; settings = {ASSET_TAGS = (); }; };
		0B099C861BDFB26B004748A0 /* Home Filled-32.png in Resources */ = {isa = PBXBuildFile; fileRef = 0B099C851BDFB26B004748A0 /* Home Filled-32.png */; settings = {ASSET_TAGS = (); }; };
		0B099C881BDFB323004748A0 /* home.png in Resources */ = {isa = PBXBuildFile; fileRef = 0B099C871BDFB323004748A0 /* home.png */; settings = {ASSET_TAGS = (); }; };
		0B099C8C1BDFBDBA004748A0 /* Camera Filled-32.png in Resources */ = {isa = PBXBuildFile; fileRef = 0B099C8B1BDFBDBA004748A0 /* Camera Filled-32.png */; settings = {ASSET_TAGS = (); }; };
		0B0B49D51BDC695F006F47BD /* Like.swift in Sources */ = {isa = PBXBuildFile; fileRef = 0B0B49D41BDC695F006F47BD /* Like.swift */; settings = {ASSET_TAGS = (); }; };
		0B0B49D71BDC70DE006F47BD /* LikeManager.swift in Sources */ = {isa = PBXBuildFile; fileRef = 0B0B49D61BDC70DE006F47BD /* LikeManager.swift */; settings = {ASSET_TAGS = (); }; };
		0B0B49D91BDCF635006F47BD /* CurrentUser.swift in Sources */ = {isa = PBXBuildFile; fileRef = 0B0B49D81BDCF635006F47BD /* CurrentUser.swift */; settings = {ASSET_TAGS = (); }; };
		0B1EF6071BB0FB66004CF789 /* AppDelegate.swift in Sources */ = {isa = PBXBuildFile; fileRef = 0B1EF6061BB0FB66004CF789 /* AppDelegate.swift */; };
		0B1EF60E1BB0FB66004CF789 /* Images.xcassets in Resources */ = {isa = PBXBuildFile; fileRef = 0B1EF60D1BB0FB66004CF789 /* Images.xcassets */; };
		0B1EF6111BB0FB66004CF789 /* LaunchScreen.xib in Resources */ = {isa = PBXBuildFile; fileRef = 0B1EF60F1BB0FB66004CF789 /* LaunchScreen.xib */; };
		0B1EF61D1BB0FB66004CF789 /* InstagramAPPTests.swift in Sources */ = {isa = PBXBuildFile; fileRef = 0B1EF61C1BB0FB66004CF789 /* InstagramAPPTests.swift */; };
		0B278C9D1BC3F8A000C3C3DA /* Post.swift in Sources */ = {isa = PBXBuildFile; fileRef = 0B278C9C1BC3F8A000C3C3DA /* Post.swift */; settings = {ASSET_TAGS = (); }; };
		0B278C9F1BC3F8AB00C3C3DA /* User.swift in Sources */ = {isa = PBXBuildFile; fileRef = 0B278C9E1BC3F8AB00C3C3DA /* User.swift */; settings = {ASSET_TAGS = (); }; };
		0B278CA11BC3F8B500C3C3DA /* Comment.swift in Sources */ = {isa = PBXBuildFile; fileRef = 0B278CA01BC3F8B500C3C3DA /* Comment.swift */; settings = {ASSET_TAGS = (); }; };
		0B278CC31BC3FBAE00C3C3DA /* Bolts.framework in Frameworks */ = {isa = PBXBuildFile; fileRef = 0B278CC11BC3FBAE00C3C3DA /* Bolts.framework */; settings = {ASSET_TAGS = (); }; };
		0B278CC41BC3FBAE00C3C3DA /* Parse.framework in Frameworks */ = {isa = PBXBuildFile; fileRef = 0B278CC21BC3FBAE00C3C3DA /* Parse.framework */; settings = {ASSET_TAGS = (); }; };
		0B278CC61BC3FBC400C3C3DA /* AudioToolbox.framework in Frameworks */ = {isa = PBXBuildFile; fileRef = 0B278CC51BC3FBC400C3C3DA /* AudioToolbox.framework */; };
		0B278CC81BC3FBD200C3C3DA /* CFNetwork.framework in Frameworks */ = {isa = PBXBuildFile; fileRef = 0B278CC71BC3FBD200C3C3DA /* CFNetwork.framework */; };
		0B278CCA1BC3FBDE00C3C3DA /* CoreGraphics.framework in Frameworks */ = {isa = PBXBuildFile; fileRef = 0B278CC91BC3FBDE00C3C3DA /* CoreGraphics.framework */; };
		0B278CCC1BC3FBE600C3C3DA /* CoreLocation.framework in Frameworks */ = {isa = PBXBuildFile; fileRef = 0B278CCB1BC3FBE600C3C3DA /* CoreLocation.framework */; };
		0B278CCE1BC3FBEE00C3C3DA /* MobileCoreServices.framework in Frameworks */ = {isa = PBXBuildFile; fileRef = 0B278CCD1BC3FBEE00C3C3DA /* MobileCoreServices.framework */; };
		0B278CD01BC3FBF700C3C3DA /* QuartzCore.framework in Frameworks */ = {isa = PBXBuildFile; fileRef = 0B278CCF1BC3FBF700C3C3DA /* QuartzCore.framework */; };
		0B278CD21BC3FBFF00C3C3DA /* Security.framework in Frameworks */ = {isa = PBXBuildFile; fileRef = 0B278CD11BC3FBFF00C3C3DA /* Security.framework */; };
		0B278CD41BC3FC0600C3C3DA /* StoreKit.framework in Frameworks */ = {isa = PBXBuildFile; fileRef = 0B278CD31BC3FC0600C3C3DA /* StoreKit.framework */; };
		0B278CD61BC3FC0E00C3C3DA /* SystemConfiguration.framework in Frameworks */ = {isa = PBXBuildFile; fileRef = 0B278CD51BC3FC0E00C3C3DA /* SystemConfiguration.framework */; };
		0B278CD81BC3FC3E00C3C3DA /* libsqlite3.tbd in Frameworks */ = {isa = PBXBuildFile; fileRef = 0B278CD71BC3FC3E00C3C3DA /* libsqlite3.tbd */; };
		0B278CDA1BC3FC4800C3C3DA /* libz.tbd in Frameworks */ = {isa = PBXBuildFile; fileRef = 0B278CD91BC3FC4800C3C3DA /* libz.tbd */; };
		0B278CE61BC50D3800C3C3DA /* PostManager.swift in Sources */ = {isa = PBXBuildFile; fileRef = 0B278CE51BC50D3800C3C3DA /* PostManager.swift */; settings = {ASSET_TAGS = (); }; };
		0B278CE91BC5150D00C3C3DA /* NSDate+Extension.swift in Sources */ = {isa = PBXBuildFile; fileRef = 0B278CE81BC5150D00C3C3DA /* NSDate+Extension.swift */; settings = {ASSET_TAGS = (); }; };
		0B2E8F1A1BF35FD500C1440B /* commentGray.jpg in Resources */ = {isa = PBXBuildFile; fileRef = 0B2E8F191BF35FD500C1440B /* commentGray.jpg */; settings = {ASSET_TAGS = (); }; };
		0B2E8F1D1BF364E600C1440B /* newHeartGray.jpg in Resources */ = {isa = PBXBuildFile; fileRef = 0B2E8F1B1BF364E600C1440B /* newHeartGray.jpg */; settings = {ASSET_TAGS = (); }; };
		0B2E8F1E1BF364E600C1440B /* newHeartRed.jpg in Resources */ = {isa = PBXBuildFile; fileRef = 0B2E8F1C1BF364E600C1440B /* newHeartRed.jpg */; settings = {ASSET_TAGS = (); }; };
		0B2E8F201BF365D400C1440B /* newCommentGray.jpg in Resources */ = {isa = PBXBuildFile; fileRef = 0B2E8F1F1BF365D400C1440B /* newCommentGray.jpg */; settings = {ASSET_TAGS = (); }; };
		0B2E8F221BF3660400C1440B /* newShareMenuGray.jpg in Resources */ = {isa = PBXBuildFile; fileRef = 0B2E8F211BF3660400C1440B /* newShareMenuGray.jpg */; settings = {ASSET_TAGS = (); }; };
		0B6A92221BEA79E6009A7B2E /* SweetAlert.swift in Sources */ = {isa = PBXBuildFile; fileRef = 0B6A92211BEA79E6009A7B2E /* SweetAlert.swift */; settings = {ASSET_TAGS = (); }; };
		0B6A92321BEA7E57009A7B2E /* successIcon@2x.png in Resources */ = {isa = PBXBuildFile; fileRef = 0B6A92311BEA7E57009A7B2E /* successIcon@2x.png */; settings = {ASSET_TAGS = (); }; };
		0B6A92521BEA835B009A7B2E /* AsyncButton.swift in Sources */ = {isa = PBXBuildFile; fileRef = 0B6A92341BEA835B009A7B2E /* AsyncButton.swift */; settings = {ASSET_TAGS = (); }; };
		0B6A92531BEA835B009A7B2E /* AsyncImageView.swift in Sources */ = {isa = PBXBuildFile; fileRef = 0B6A92351BEA835B009A7B2E /* AsyncImageView.swift */; settings = {ASSET_TAGS = (); }; };
		0B6A92541BEA835B009A7B2E /* AutoTextView.swift in Sources */ = {isa = PBXBuildFile; fileRef = 0B6A92361BEA835B009A7B2E /* AutoTextView.swift */; settings = {ASSET_TAGS = (); }; };
		0B6A92551BEA835B009A7B2E /* BlurView.swift in Sources */ = {isa = PBXBuildFile; fileRef = 0B6A92371BEA835B009A7B2E /* BlurView.swift */; settings = {ASSET_TAGS = (); }; };
		0B6A92561BEA835B009A7B2E /* DesignableButton.swift in Sources */ = {isa = PBXBuildFile; fileRef = 0B6A92381BEA835B009A7B2E /* DesignableButton.swift */; settings = {ASSET_TAGS = (); }; };
		0B6A92571BEA835B009A7B2E /* DesignableImageView.swift in Sources */ = {isa = PBXBuildFile; fileRef = 0B6A92391BEA835B009A7B2E /* DesignableImageView.swift */; settings = {ASSET_TAGS = (); }; };
		0B6A92581BEA835B009A7B2E /* DesignableLabel.swift in Sources */ = {isa = PBXBuildFile; fileRef = 0B6A923A1BEA835B009A7B2E /* DesignableLabel.swift */; settings = {ASSET_TAGS = (); }; };
		0B6A92591BEA835B009A7B2E /* DesignableTabBarController.swift in Sources */ = {isa = PBXBuildFile; fileRef = 0B6A923B1BEA835B009A7B2E /* DesignableTabBarController.swift */; settings = {ASSET_TAGS = (); }; };
		0B6A925A1BEA835B009A7B2E /* DesignableTextField.swift in Sources */ = {isa = PBXBuildFile; fileRef = 0B6A923C1BEA835B009A7B2E /* DesignableTextField.swift */; settings = {ASSET_TAGS = (); }; };
		0B6A925B1BEA835B009A7B2E /* DesignableTextView.swift in Sources */ = {isa = PBXBuildFile; fileRef = 0B6A923D1BEA835B009A7B2E /* DesignableTextView.swift */; settings = {ASSET_TAGS = (); }; };
		0B6A925C1BEA835B009A7B2E /* DesignableView.swift in Sources */ = {isa = PBXBuildFile; fileRef = 0B6A923E1BEA835B009A7B2E /* DesignableView.swift */; settings = {ASSET_TAGS = (); }; };
		0B6A925D1BEA835B009A7B2E /* ImageLoader.swift in Sources */ = {isa = PBXBuildFile; fileRef = 0B6A923F1BEA835B009A7B2E /* ImageLoader.swift */; settings = {ASSET_TAGS = (); }; };
		0B6A925E1BEA835B009A7B2E /* Info.plist in Resources */ = {isa = PBXBuildFile; fileRef = 0B6A92401BEA835B009A7B2E /* Info.plist */; settings = {ASSET_TAGS = (); }; };
		0B6A925F1BEA835B009A7B2E /* KeyboardLayoutConstraint.swift in Sources */ = {isa = PBXBuildFile; fileRef = 0B6A92411BEA835B009A7B2E /* KeyboardLayoutConstraint.swift */; settings = {ASSET_TAGS = (); }; };
		0B6A92601BEA835B009A7B2E /* LoadingView.swift in Sources */ = {isa = PBXBuildFile; fileRef = 0B6A92421BEA835B009A7B2E /* LoadingView.swift */; settings = {ASSET_TAGS = (); }; };
		0B6A92611BEA835B009A7B2E /* LoadingView.xib in Resources */ = {isa = PBXBuildFile; fileRef = 0B6A92431BEA835B009A7B2E /* LoadingView.xib */; settings = {ASSET_TAGS = (); }; };
		0B6A92621BEA835B009A7B2E /* Misc.swift in Sources */ = {isa = PBXBuildFile; fileRef = 0B6A92441BEA835B009A7B2E /* Misc.swift */; settings = {ASSET_TAGS = (); }; };
		0B6A92631BEA835B009A7B2E /* SoundPlayer.swift in Sources */ = {isa = PBXBuildFile; fileRef = 0B6A92451BEA835B009A7B2E /* SoundPlayer.swift */; settings = {ASSET_TAGS = (); }; };
		0B6A92641BEA835B009A7B2E /* Spring.swift in Sources */ = {isa = PBXBuildFile; fileRef = 0B6A92471BEA835B009A7B2E /* Spring.swift */; settings = {ASSET_TAGS = (); }; };
		0B6A92651BEA835B009A7B2E /* SpringAnimation.swift in Sources */ = {isa = PBXBuildFile; fileRef = 0B6A92481BEA835B009A7B2E /* SpringAnimation.swift */; settings = {ASSET_TAGS = (); }; };
		0B6A92661BEA835B009A7B2E /* SpringButton.swift in Sources */ = {isa = PBXBuildFile; fileRef = 0B6A92491BEA835B009A7B2E /* SpringButton.swift */; settings = {ASSET_TAGS = (); }; };
		0B6A92671BEA835B009A7B2E /* SpringImageView.swift in Sources */ = {isa = PBXBuildFile; fileRef = 0B6A924A1BEA835B009A7B2E /* SpringImageView.swift */; settings = {ASSET_TAGS = (); }; };
		0B6A92681BEA835B009A7B2E /* SpringLabel.swift in Sources */ = {isa = PBXBuildFile; fileRef = 0B6A924B1BEA835B009A7B2E /* SpringLabel.swift */; settings = {ASSET_TAGS = (); }; };
		0B6A92691BEA835B009A7B2E /* SpringTextField.swift in Sources */ = {isa = PBXBuildFile; fileRef = 0B6A924C1BEA835B009A7B2E /* SpringTextField.swift */; settings = {ASSET_TAGS = (); }; };
		0B6A926A1BEA835B009A7B2E /* SpringTextView.swift in Sources */ = {isa = PBXBuildFile; fileRef = 0B6A924D1BEA835B009A7B2E /* SpringTextView.swift */; settings = {ASSET_TAGS = (); }; };
		0B6A926B1BEA835B009A7B2E /* SpringView.swift in Sources */ = {isa = PBXBuildFile; fileRef = 0B6A924E1BEA835B009A7B2E /* SpringView.swift */; settings = {ASSET_TAGS = (); }; };
		0B6A926C1BEA835B009A7B2E /* TransitionManager.swift in Sources */ = {isa = PBXBuildFile; fileRef = 0B6A924F1BEA835B009A7B2E /* TransitionManager.swift */; settings = {ASSET_TAGS = (); }; };
		0B6A926D1BEA835B009A7B2E /* TransitionZoom.swift in Sources */ = {isa = PBXBuildFile; fileRef = 0B6A92501BEA835B009A7B2E /* TransitionZoom.swift */; settings = {ASSET_TAGS = (); }; };
		0B6A926E1BEA835B009A7B2E /* UnwindSegue.swift in Sources */ = {isa = PBXBuildFile; fileRef = 0B6A92511BEA835B009A7B2E /* UnwindSegue.swift */; settings = {ASSET_TAGS = (); }; };
		0B76EF521BCA22A500FF6A66 /* LoginViewController.swift in Sources */ = {isa = PBXBuildFile; fileRef = 0B76EF511BCA22A500FF6A66 /* LoginViewController.swift */; settings = {ASSET_TAGS = (); }; };
		0B76EF541BCA8A5C00FF6A66 /* Circled User .png in Resources */ = {isa = PBXBuildFile; fileRef = 0B76EF531BCA8A5C00FF6A66 /* Circled User .png */; settings = {ASSET_TAGS = (); }; };
		0B77B6591BBD920B00C6E78C /* PostViewController.swift in Sources */ = {isa = PBXBuildFile; fileRef = 0B77B6581BBD920B00C6E78C /* PostViewController.swift */; };
		0B89D9B81BC14249009F6A97 /* リトル・ミー.jpeg in Resources */ = {isa = PBXBuildFile; fileRef = 0B89D9B71BC14249009F6A97 /* リトル・ミー.jpeg */; };
		0B89D9BA1BC14342009F6A97 /* サクラダファミリア.jpg in Resources */ = {isa = PBXBuildFile; fileRef = 0B89D9B91BC14342009F6A97 /* サクラダファミリア.jpg */; };
		0B89D9BC1BC14682009F6A97 /* pinkritoru .jpg in Resources */ = {isa = PBXBuildFile; fileRef = 0B89D9BB1BC14682009F6A97 /* pinkritoru .jpg */; };
		0B8C87D41BE4BDC000EBC0DE /* UserViewController.swift in Sources */ = {isa = PBXBuildFile; fileRef = 0B8C87D31BE4BDC000EBC0DE /* UserViewController.swift */; settings = {ASSET_TAGS = (); }; };
		0B8C87DE1BE6255E00EBC0DE /* Main.storyboard in Resources */ = {isa = PBXBuildFile; fileRef = 0B8C87DD1BE6255E00EBC0DE /* Main.storyboard */; settings = {ASSET_TAGS = (); }; };
		0B8C87E01BE6283900EBC0DE /* UserTableView.swift in Sources */ = {isa = PBXBuildFile; fileRef = 0B8C87DF1BE6283900EBC0DE /* UserTableView.swift */; settings = {ASSET_TAGS = (); }; };
		0B8C87E91BE62B0A00EBC0DE /* UserPostTableViewCell.swift in Sources */ = {isa = PBXBuildFile; fileRef = 0B8C87E71BE62B0A00EBC0DE /* UserPostTableViewCell.swift */; settings = {ASSET_TAGS = (); }; };
		0B8C87EA1BE62B0A00EBC0DE /* UserPostTableViewCell.xib in Resources */ = {isa = PBXBuildFile; fileRef = 0B8C87E81BE62B0A00EBC0DE /* UserPostTableViewCell.xib */; settings = {ASSET_TAGS = (); }; };
		0B8C87F01BE72F3300EBC0DE /* UserLikedPostTableView.swift in Sources */ = {isa = PBXBuildFile; fileRef = 0B8C87EF1BE72F3300EBC0DE /* UserLikedPostTableView.swift */; settings = {ASSET_TAGS = (); }; };
		0B8C87F31BE7317900EBC0DE /* UserLikedPostTableViewCell.swift in Sources */ = {isa = PBXBuildFile; fileRef = 0B8C87F11BE7317900EBC0DE /* UserLikedPostTableViewCell.swift */; settings = {ASSET_TAGS = (); }; };
		0B8C87F41BE7317900EBC0DE /* UserLikedPostTableViewCell.xib in Resources */ = {isa = PBXBuildFile; fileRef = 0B8C87F21BE7317900EBC0DE /* UserLikedPostTableViewCell.xib */; settings = {ASSET_TAGS = (); }; };
		0BA8722C1BD16EBE0052492C /* CommentManager.swift in Sources */ = {isa = PBXBuildFile; fileRef = 0BA8722B1BD16EBE0052492C /* CommentManager.swift */; settings = {ASSET_TAGS = (); }; };
		0BC47EF31BB6D85D00F83A45 /* CameraViewController.swift in Sources */ = {isa = PBXBuildFile; fileRef = 0BC47EF21BB6D85D00F83A45 /* CameraViewController.swift */; };
		0BC47EF51BB6F53200F83A45 /* CustomTabBarController.swift in Sources */ = {isa = PBXBuildFile; fileRef = 0BC47EF41BB6F53200F83A45 /* CustomTabBarController.swift */; };
		0BE5F1721BCFB19900DA7FBB /* SignUpViewController.swift in Sources */ = {isa = PBXBuildFile; fileRef = 0BE5F1711BCFB19900DA7FBB /* SignUpViewController.swift */; settings = {ASSET_TAGS = (); }; };
		0BE5F1741BCFB89C00DA7FBB /* CommentViewController.swift in Sources */ = {isa = PBXBuildFile; fileRef = 0BE5F1731BCFB89C00DA7FBB /* CommentViewController.swift */; settings = {ASSET_TAGS = (); }; };
		0BE5F1791BD01A4700DA7FBB /* Redo-50.png in Resources */ = {isa = PBXBuildFile; fileRef = 0BE5F1751BD01A4700DA7FBB /* Redo-50.png */; settings = {ASSET_TAGS = (); }; };
		0BE5F17A1BD01A4700DA7FBB /* Speech Bubble Filled-50.png in Resources */ = {isa = PBXBuildFile; fileRef = 0BE5F1761BD01A4700DA7FBB /* Speech Bubble Filled-50.png */; settings = {ASSET_TAGS = (); }; };
		0BE5F17B1BD01A4700DA7FBB /* Speech Bubble-50.png in Resources */ = {isa = PBXBuildFile; fileRef = 0BE5F1771BD01A4700DA7FBB /* Speech Bubble-50.png */; settings = {ASSET_TAGS = (); }; };
		0BE5F17C1BD01A4700DA7FBB /* Facebook-50.png in Resources */ = {isa = PBXBuildFile; fileRef = 0BE5F1781BD01A4700DA7FBB /* Facebook-50.png */; settings = {ASSET_TAGS = (); }; };
		0BE5F1801BD01A5B00DA7FBB /* Twitter-50.png in Resources */ = {isa = PBXBuildFile; fileRef = 0BE5F17D1BD01A5B00DA7FBB /* Twitter-50.png */; settings = {ASSET_TAGS = (); }; };
		0BE5F1811BD01A5B00DA7FBB /* Hearts Filled-50.png in Resources */ = {isa = PBXBuildFile; fileRef = 0BE5F17E1BD01A5B00DA7FBB /* Hearts Filled-50.png */; settings = {ASSET_TAGS = (); }; };
		0BE5F1821BD01A5B00DA7FBB /* Hearts-50.png in Resources */ = {isa = PBXBuildFile; fileRef = 0BE5F17F1BD01A5B00DA7FBB /* Hearts-50.png */; settings = {ASSET_TAGS = (); }; };
		0BEFD5271BBBC5B200A75C3E /* TimeLineTableViewController.swift in Sources */ = {isa = PBXBuildFile; fileRef = 0BEFD5261BBBC5B200A75C3E /* TimeLineTableViewController.swift */; };
		0BEFD52A1BBBCAF400A75C3E /* PostTableViewCell.swift in Sources */ = {isa = PBXBuildFile; fileRef = 0BEFD5281BBBCAF400A75C3E /* PostTableViewCell.swift */; };
		0BEFD52B1BBBCAF400A75C3E /* PostTableViewCell.xib in Resources */ = {isa = PBXBuildFile; fileRef = 0BEFD5291BBBCAF400A75C3E /* PostTableViewCell.xib */; };
/* End PBXBuildFile section */

/* Begin PBXContainerItemProxy section */
		0B1EF6171BB0FB66004CF789 /* PBXContainerItemProxy */ = {
			isa = PBXContainerItemProxy;
			containerPortal = 0B1EF5F91BB0FB66004CF789 /* Project object */;
			proxyType = 1;
			remoteGlobalIDString = 0B1EF6001BB0FB66004CF789;
			remoteInfo = InstagramAPP;
		};
/* End PBXContainerItemProxy section */

/* Begin PBXFileReference section */
		0B099C771BDF5B06004748A0 /* Camera-50.png */ = {isa = PBXFileReference; lastKnownFileType = image.png; path = "Camera-50.png"; sourceTree = "<group>"; };
		0B099C7B1BDF5CA7004748A0 /* Camera-32.png */ = {isa = PBXFileReference; lastKnownFileType = image.png; path = "Camera-32.png"; sourceTree = "<group>"; };
		0B099C811BDFB147004748A0 /* User-32.png */ = {isa = PBXFileReference; lastKnownFileType = image.png; path = "User-32.png"; sourceTree = "<group>"; };
		0B099C831BDFB256004748A0 /* User Filled-32.png */ = {isa = PBXFileReference; lastKnownFileType = image.png; path = "User Filled-32.png"; sourceTree = "<group>"; };
		0B099C851BDFB26B004748A0 /* Home Filled-32.png */ = {isa = PBXFileReference; lastKnownFileType = image.png; path = "Home Filled-32.png"; sourceTree = "<group>"; };
		0B099C871BDFB323004748A0 /* home.png */ = {isa = PBXFileReference; lastKnownFileType = image.png; path = home.png; sourceTree = "<group>"; };
		0B099C8B1BDFBDBA004748A0 /* Camera Filled-32.png */ = {isa = PBXFileReference; lastKnownFileType = image.png; path = "Camera Filled-32.png"; sourceTree = "<group>"; };
		0B0B49D41BDC695F006F47BD /* Like.swift */ = {isa = PBXFileReference; fileEncoding = 4; lastKnownFileType = sourcecode.swift; path = Like.swift; sourceTree = "<group>"; };
		0B0B49D61BDC70DE006F47BD /* LikeManager.swift */ = {isa = PBXFileReference; fileEncoding = 4; lastKnownFileType = sourcecode.swift; path = LikeManager.swift; sourceTree = "<group>"; };
		0B0B49D81BDCF635006F47BD /* CurrentUser.swift */ = {isa = PBXFileReference; fileEncoding = 4; lastKnownFileType = sourcecode.swift; path = CurrentUser.swift; sourceTree = "<group>"; };
		0B1EF6011BB0FB66004CF789 /* InstagramAPP.app */ = {isa = PBXFileReference; explicitFileType = wrapper.application; includeInIndex = 0; path = InstagramAPP.app; sourceTree = BUILT_PRODUCTS_DIR; };
		0B1EF6051BB0FB66004CF789 /* Info.plist */ = {isa = PBXFileReference; lastKnownFileType = text.plist.xml; path = Info.plist; sourceTree = "<group>"; };
		0B1EF6061BB0FB66004CF789 /* AppDelegate.swift */ = {isa = PBXFileReference; lastKnownFileType = sourcecode.swift; path = AppDelegate.swift; sourceTree = "<group>"; };
		0B1EF60D1BB0FB66004CF789 /* Images.xcassets */ = {isa = PBXFileReference; lastKnownFileType = folder.assetcatalog; path = Images.xcassets; sourceTree = "<group>"; };
		0B1EF6101BB0FB66004CF789 /* Base */ = {isa = PBXFileReference; lastKnownFileType = file.xib; name = Base; path = Base.lproj/LaunchScreen.xib; sourceTree = "<group>"; };
		0B1EF6161BB0FB66004CF789 /* InstagramAPPTests.xctest */ = {isa = PBXFileReference; explicitFileType = wrapper.cfbundle; includeInIndex = 0; path = InstagramAPPTests.xctest; sourceTree = BUILT_PRODUCTS_DIR; };
		0B1EF61B1BB0FB66004CF789 /* Info.plist */ = {isa = PBXFileReference; lastKnownFileType = text.plist.xml; path = Info.plist; sourceTree = "<group>"; };
		0B1EF61C1BB0FB66004CF789 /* InstagramAPPTests.swift */ = {isa = PBXFileReference; lastKnownFileType = sourcecode.swift; path = InstagramAPPTests.swift; sourceTree = "<group>"; };
		0B278C9C1BC3F8A000C3C3DA /* Post.swift */ = {isa = PBXFileReference; fileEncoding = 4; lastKnownFileType = sourcecode.swift; path = Post.swift; sourceTree = "<group>"; };
		0B278C9E1BC3F8AB00C3C3DA /* User.swift */ = {isa = PBXFileReference; fileEncoding = 4; lastKnownFileType = sourcecode.swift; path = User.swift; sourceTree = "<group>"; };
		0B278CA01BC3F8B500C3C3DA /* Comment.swift */ = {isa = PBXFileReference; fileEncoding = 4; lastKnownFileType = sourcecode.swift; path = Comment.swift; sourceTree = "<group>"; };
		0B278CC11BC3FBAE00C3C3DA /* Bolts.framework */ = {isa = PBXFileReference; lastKnownFileType = wrapper.framework; path = Bolts.framework; sourceTree = "<group>"; };
		0B278CC21BC3FBAE00C3C3DA /* Parse.framework */ = {isa = PBXFileReference; lastKnownFileType = wrapper.framework; path = Parse.framework; sourceTree = "<group>"; };
		0B278CC51BC3FBC400C3C3DA /* AudioToolbox.framework */ = {isa = PBXFileReference; lastKnownFileType = wrapper.framework; name = AudioToolbox.framework; path = System/Library/Frameworks/AudioToolbox.framework; sourceTree = SDKROOT; };
		0B278CC71BC3FBD200C3C3DA /* CFNetwork.framework */ = {isa = PBXFileReference; lastKnownFileType = wrapper.framework; name = CFNetwork.framework; path = System/Library/Frameworks/CFNetwork.framework; sourceTree = SDKROOT; };
		0B278CC91BC3FBDE00C3C3DA /* CoreGraphics.framework */ = {isa = PBXFileReference; lastKnownFileType = wrapper.framework; name = CoreGraphics.framework; path = System/Library/Frameworks/CoreGraphics.framework; sourceTree = SDKROOT; };
		0B278CCB1BC3FBE600C3C3DA /* CoreLocation.framework */ = {isa = PBXFileReference; lastKnownFileType = wrapper.framework; name = CoreLocation.framework; path = System/Library/Frameworks/CoreLocation.framework; sourceTree = SDKROOT; };
		0B278CCD1BC3FBEE00C3C3DA /* MobileCoreServices.framework */ = {isa = PBXFileReference; lastKnownFileType = wrapper.framework; name = MobileCoreServices.framework; path = System/Library/Frameworks/MobileCoreServices.framework; sourceTree = SDKROOT; };
		0B278CCF1BC3FBF700C3C3DA /* QuartzCore.framework */ = {isa = PBXFileReference; lastKnownFileType = wrapper.framework; name = QuartzCore.framework; path = System/Library/Frameworks/QuartzCore.framework; sourceTree = SDKROOT; };
		0B278CD11BC3FBFF00C3C3DA /* Security.framework */ = {isa = PBXFileReference; lastKnownFileType = wrapper.framework; name = Security.framework; path = System/Library/Frameworks/Security.framework; sourceTree = SDKROOT; };
		0B278CD31BC3FC0600C3C3DA /* StoreKit.framework */ = {isa = PBXFileReference; lastKnownFileType = wrapper.framework; name = StoreKit.framework; path = System/Library/Frameworks/StoreKit.framework; sourceTree = SDKROOT; };
		0B278CD51BC3FC0E00C3C3DA /* SystemConfiguration.framework */ = {isa = PBXFileReference; lastKnownFileType = wrapper.framework; name = SystemConfiguration.framework; path = System/Library/Frameworks/SystemConfiguration.framework; sourceTree = SDKROOT; };
		0B278CD71BC3FC3E00C3C3DA /* libsqlite3.tbd */ = {isa = PBXFileReference; lastKnownFileType = "sourcecode.text-based-dylib-definition"; name = libsqlite3.tbd; path = usr/lib/libsqlite3.tbd; sourceTree = SDKROOT; };
		0B278CD91BC3FC4800C3C3DA /* libz.tbd */ = {isa = PBXFileReference; lastKnownFileType = "sourcecode.text-based-dylib-definition"; name = libz.tbd; path = usr/lib/libz.tbd; sourceTree = SDKROOT; };
		0B278CE51BC50D3800C3C3DA /* PostManager.swift */ = {isa = PBXFileReference; fileEncoding = 4; lastKnownFileType = sourcecode.swift; path = PostManager.swift; sourceTree = "<group>"; };
		0B278CE81BC5150D00C3C3DA /* NSDate+Extension.swift */ = {isa = PBXFileReference; fileEncoding = 4; lastKnownFileType = sourcecode.swift; path = "NSDate+Extension.swift"; sourceTree = "<group>"; };
		0B2E8F191BF35FD500C1440B /* commentGray.jpg */ = {isa = PBXFileReference; lastKnownFileType = image.jpeg; path = commentGray.jpg; sourceTree = "<group>"; };
		0B2E8F1B1BF364E600C1440B /* newHeartGray.jpg */ = {isa = PBXFileReference; lastKnownFileType = image.jpeg; path = newHeartGray.jpg; sourceTree = "<group>"; };
		0B2E8F1C1BF364E600C1440B /* newHeartRed.jpg */ = {isa = PBXFileReference; lastKnownFileType = image.jpeg; path = newHeartRed.jpg; sourceTree = "<group>"; };
		0B2E8F1F1BF365D400C1440B /* newCommentGray.jpg */ = {isa = PBXFileReference; lastKnownFileType = image.jpeg; path = newCommentGray.jpg; sourceTree = "<group>"; };
		0B2E8F211BF3660400C1440B /* newShareMenuGray.jpg */ = {isa = PBXFileReference; lastKnownFileType = image.jpeg; path = newShareMenuGray.jpg; sourceTree = "<group>"; };
		0B6A92211BEA79E6009A7B2E /* SweetAlert.swift */ = {isa = PBXFileReference; fileEncoding = 4; lastKnownFileType = sourcecode.swift; path = SweetAlert.swift; sourceTree = "<group>"; };
		0B6A92311BEA7E57009A7B2E /* successIcon@2x.png */ = {isa = PBXFileReference; lastKnownFileType = image.png; path = "successIcon@2x.png"; sourceTree = "<group>"; };
		0B6A92341BEA835B009A7B2E /* AsyncButton.swift */ = {isa = PBXFileReference; fileEncoding = 4; lastKnownFileType = sourcecode.swift; path = AsyncButton.swift; sourceTree = "<group>"; };
		0B6A92351BEA835B009A7B2E /* AsyncImageView.swift */ = {isa = PBXFileReference; fileEncoding = 4; lastKnownFileType = sourcecode.swift; path = AsyncImageView.swift; sourceTree = "<group>"; };
		0B6A92361BEA835B009A7B2E /* AutoTextView.swift */ = {isa = PBXFileReference; fileEncoding = 4; lastKnownFileType = sourcecode.swift; path = AutoTextView.swift; sourceTree = "<group>"; };
		0B6A92371BEA835B009A7B2E /* BlurView.swift */ = {isa = PBXFileReference; fileEncoding = 4; lastKnownFileType = sourcecode.swift; path = BlurView.swift; sourceTree = "<group>"; };
		0B6A92381BEA835B009A7B2E /* DesignableButton.swift */ = {isa = PBXFileReference; fileEncoding = 4; lastKnownFileType = sourcecode.swift; path = DesignableButton.swift; sourceTree = "<group>"; };
		0B6A92391BEA835B009A7B2E /* DesignableImageView.swift */ = {isa = PBXFileReference; fileEncoding = 4; lastKnownFileType = sourcecode.swift; path = DesignableImageView.swift; sourceTree = "<group>"; };
		0B6A923A1BEA835B009A7B2E /* DesignableLabel.swift */ = {isa = PBXFileReference; fileEncoding = 4; lastKnownFileType = sourcecode.swift; path = DesignableLabel.swift; sourceTree = "<group>"; };
		0B6A923B1BEA835B009A7B2E /* DesignableTabBarController.swift */ = {isa = PBXFileReference; fileEncoding = 4; lastKnownFileType = sourcecode.swift; path = DesignableTabBarController.swift; sourceTree = "<group>"; };
		0B6A923C1BEA835B009A7B2E /* DesignableTextField.swift */ = {isa = PBXFileReference; fileEncoding = 4; lastKnownFileType = sourcecode.swift; path = DesignableTextField.swift; sourceTree = "<group>"; };
		0B6A923D1BEA835B009A7B2E /* DesignableTextView.swift */ = {isa = PBXFileReference; fileEncoding = 4; lastKnownFileType = sourcecode.swift; path = DesignableTextView.swift; sourceTree = "<group>"; };
		0B6A923E1BEA835B009A7B2E /* DesignableView.swift */ = {isa = PBXFileReference; fileEncoding = 4; lastKnownFileType = sourcecode.swift; path = DesignableView.swift; sourceTree = "<group>"; };
		0B6A923F1BEA835B009A7B2E /* ImageLoader.swift */ = {isa = PBXFileReference; fileEncoding = 4; lastKnownFileType = sourcecode.swift; path = ImageLoader.swift; sourceTree = "<group>"; };
		0B6A92401BEA835B009A7B2E /* Info.plist */ = {isa = PBXFileReference; fileEncoding = 4; lastKnownFileType = text.plist.xml; path = Info.plist; sourceTree = "<group>"; };
		0B6A92411BEA835B009A7B2E /* KeyboardLayoutConstraint.swift */ = {isa = PBXFileReference; fileEncoding = 4; lastKnownFileType = sourcecode.swift; path = KeyboardLayoutConstraint.swift; sourceTree = "<group>"; };
		0B6A92421BEA835B009A7B2E /* LoadingView.swift */ = {isa = PBXFileReference; fileEncoding = 4; lastKnownFileType = sourcecode.swift; path = LoadingView.swift; sourceTree = "<group>"; };
		0B6A92431BEA835B009A7B2E /* LoadingView.xib */ = {isa = PBXFileReference; fileEncoding = 4; lastKnownFileType = file.xib; path = LoadingView.xib; sourceTree = "<group>"; };
		0B6A92441BEA835B009A7B2E /* Misc.swift */ = {isa = PBXFileReference; fileEncoding = 4; lastKnownFileType = sourcecode.swift; path = Misc.swift; sourceTree = "<group>"; };
		0B6A92451BEA835B009A7B2E /* SoundPlayer.swift */ = {isa = PBXFileReference; fileEncoding = 4; lastKnownFileType = sourcecode.swift; path = SoundPlayer.swift; sourceTree = "<group>"; };
		0B6A92461BEA835B009A7B2E /* Spring.h */ = {isa = PBXFileReference; fileEncoding = 4; lastKnownFileType = sourcecode.c.h; path = Spring.h; sourceTree = "<group>"; };
		0B6A92471BEA835B009A7B2E /* Spring.swift */ = {isa = PBXFileReference; fileEncoding = 4; lastKnownFileType = sourcecode.swift; path = Spring.swift; sourceTree = "<group>"; };
		0B6A92481BEA835B009A7B2E /* SpringAnimation.swift */ = {isa = PBXFileReference; fileEncoding = 4; lastKnownFileType = sourcecode.swift; path = SpringAnimation.swift; sourceTree = "<group>"; };
		0B6A92491BEA835B009A7B2E /* SpringButton.swift */ = {isa = PBXFileReference; fileEncoding = 4; lastKnownFileType = sourcecode.swift; path = SpringButton.swift; sourceTree = "<group>"; };
		0B6A924A1BEA835B009A7B2E /* SpringImageView.swift */ = {isa = PBXFileReference; fileEncoding = 4; lastKnownFileType = sourcecode.swift; path = SpringImageView.swift; sourceTree = "<group>"; };
		0B6A924B1BEA835B009A7B2E /* SpringLabel.swift */ = {isa = PBXFileReference; fileEncoding = 4; lastKnownFileType = sourcecode.swift; path = SpringLabel.swift; sourceTree = "<group>"; };
		0B6A924C1BEA835B009A7B2E /* SpringTextField.swift */ = {isa = PBXFileReference; fileEncoding = 4; lastKnownFileType = sourcecode.swift; path = SpringTextField.swift; sourceTree = "<group>"; };
		0B6A924D1BEA835B009A7B2E /* SpringTextView.swift */ = {isa = PBXFileReference; fileEncoding = 4; lastKnownFileType = sourcecode.swift; path = SpringTextView.swift; sourceTree = "<group>"; };
		0B6A924E1BEA835B009A7B2E /* SpringView.swift */ = {isa = PBXFileReference; fileEncoding = 4; lastKnownFileType = sourcecode.swift; path = SpringView.swift; sourceTree = "<group>"; };
		0B6A924F1BEA835B009A7B2E /* TransitionManager.swift */ = {isa = PBXFileReference; fileEncoding = 4; lastKnownFileType = sourcecode.swift; path = TransitionManager.swift; sourceTree = "<group>"; };
		0B6A92501BEA835B009A7B2E /* TransitionZoom.swift */ = {isa = PBXFileReference; fileEncoding = 4; lastKnownFileType = sourcecode.swift; path = TransitionZoom.swift; sourceTree = "<group>"; };
		0B6A92511BEA835B009A7B2E /* UnwindSegue.swift */ = {isa = PBXFileReference; fileEncoding = 4; lastKnownFileType = sourcecode.swift; path = UnwindSegue.swift; sourceTree = "<group>"; };
		0B76EF511BCA22A500FF6A66 /* LoginViewController.swift */ = {isa = PBXFileReference; fileEncoding = 4; lastKnownFileType = sourcecode.swift; path = LoginViewController.swift; sourceTree = "<group>"; };
		0B76EF531BCA8A5C00FF6A66 /* Circled User .png */ = {isa = PBXFileReference; lastKnownFileType = image.png; path = "Circled User .png"; sourceTree = "<group>"; };
		0B77B6581BBD920B00C6E78C /* PostViewController.swift */ = {isa = PBXFileReference; fileEncoding = 4; lastKnownFileType = sourcecode.swift; path = PostViewController.swift; sourceTree = "<group>"; };
		0B89D9B71BC14249009F6A97 /* リトル・ミー.jpeg */ = {isa = PBXFileReference; lastKnownFileType = image.jpeg; path = "リトル・ミー.jpeg"; sourceTree = "<group>"; };
		0B89D9B91BC14342009F6A97 /* サクラダファミリア.jpg */ = {isa = PBXFileReference; lastKnownFileType = image.jpeg; path = "サクラダファミリア.jpg"; sourceTree = "<group>"; };
		0B89D9BB1BC14682009F6A97 /* pinkritoru .jpg */ = {isa = PBXFileReference; lastKnownFileType = image.jpeg; path = "pinkritoru .jpg"; sourceTree = "<group>"; };
		0B8C87D31BE4BDC000EBC0DE /* UserViewController.swift */ = {isa = PBXFileReference; fileEncoding = 4; lastKnownFileType = sourcecode.swift; path = UserViewController.swift; sourceTree = "<group>"; };
		0B8C87DD1BE6255E00EBC0DE /* Main.storyboard */ = {isa = PBXFileReference; fileEncoding = 4; lastKnownFileType = file.storyboard; path = Main.storyboard; sourceTree = "<group>"; };
		0B8C87DF1BE6283900EBC0DE /* UserTableView.swift */ = {isa = PBXFileReference; fileEncoding = 4; lastKnownFileType = sourcecode.swift; path = UserTableView.swift; sourceTree = "<group>"; };
		0B8C87E71BE62B0A00EBC0DE /* UserPostTableViewCell.swift */ = {isa = PBXFileReference; fileEncoding = 4; lastKnownFileType = sourcecode.swift; path = UserPostTableViewCell.swift; sourceTree = "<group>"; };
		0B8C87E81BE62B0A00EBC0DE /* UserPostTableViewCell.xib */ = {isa = PBXFileReference; fileEncoding = 4; lastKnownFileType = file.xib; path = UserPostTableViewCell.xib; sourceTree = "<group>"; };
		0B8C87EF1BE72F3300EBC0DE /* UserLikedPostTableView.swift */ = {isa = PBXFileReference; fileEncoding = 4; lastKnownFileType = sourcecode.swift; path = UserLikedPostTableView.swift; sourceTree = "<group>"; };
		0B8C87F11BE7317900EBC0DE /* UserLikedPostTableViewCell.swift */ = {isa = PBXFileReference; fileEncoding = 4; lastKnownFileType = sourcecode.swift; path = UserLikedPostTableViewCell.swift; sourceTree = "<group>"; };
		0B8C87F21BE7317900EBC0DE /* UserLikedPostTableViewCell.xib */ = {isa = PBXFileReference; fileEncoding = 4; lastKnownFileType = file.xib; path = UserLikedPostTableViewCell.xib; sourceTree = "<group>"; };
		0BA8722B1BD16EBE0052492C /* CommentManager.swift */ = {isa = PBXFileReference; fileEncoding = 4; lastKnownFileType = sourcecode.swift; path = CommentManager.swift; sourceTree = "<group>"; };
		0BC47EF21BB6D85D00F83A45 /* CameraViewController.swift */ = {isa = PBXFileReference; fileEncoding = 4; lastKnownFileType = sourcecode.swift; path = CameraViewController.swift; sourceTree = "<group>"; };
		0BC47EF41BB6F53200F83A45 /* CustomTabBarController.swift */ = {isa = PBXFileReference; fileEncoding = 4; lastKnownFileType = sourcecode.swift; path = CustomTabBarController.swift; sourceTree = "<group>"; };
		0BE5F1711BCFB19900DA7FBB /* SignUpViewController.swift */ = {isa = PBXFileReference; fileEncoding = 4; lastKnownFileType = sourcecode.swift; path = SignUpViewController.swift; sourceTree = "<group>"; };
		0BE5F1731BCFB89C00DA7FBB /* CommentViewController.swift */ = {isa = PBXFileReference; fileEncoding = 4; lastKnownFileType = sourcecode.swift; path = CommentViewController.swift; sourceTree = "<group>"; };
		0BE5F1751BD01A4700DA7FBB /* Redo-50.png */ = {isa = PBXFileReference; lastKnownFileType = image.png; path = "Redo-50.png"; sourceTree = "<group>"; };
		0BE5F1761BD01A4700DA7FBB /* Speech Bubble Filled-50.png */ = {isa = PBXFileReference; lastKnownFileType = image.png; path = "Speech Bubble Filled-50.png"; sourceTree = "<group>"; };
		0BE5F1771BD01A4700DA7FBB /* Speech Bubble-50.png */ = {isa = PBXFileReference; lastKnownFileType = image.png; path = "Speech Bubble-50.png"; sourceTree = "<group>"; };
		0BE5F1781BD01A4700DA7FBB /* Facebook-50.png */ = {isa = PBXFileReference; lastKnownFileType = image.png; path = "Facebook-50.png"; sourceTree = "<group>"; };
		0BE5F17D1BD01A5B00DA7FBB /* Twitter-50.png */ = {isa = PBXFileReference; lastKnownFileType = image.png; path = "Twitter-50.png"; sourceTree = "<group>"; };
		0BE5F17E1BD01A5B00DA7FBB /* Hearts Filled-50.png */ = {isa = PBXFileReference; lastKnownFileType = image.png; path = "Hearts Filled-50.png"; sourceTree = "<group>"; };
		0BE5F17F1BD01A5B00DA7FBB /* Hearts-50.png */ = {isa = PBXFileReference; lastKnownFileType = image.png; path = "Hearts-50.png"; sourceTree = "<group>"; };
		0BEFD5261BBBC5B200A75C3E /* TimeLineTableViewController.swift */ = {isa = PBXFileReference; fileEncoding = 4; lastKnownFileType = sourcecode.swift; path = TimeLineTableViewController.swift; sourceTree = "<group>"; };
		0BEFD5281BBBCAF400A75C3E /* PostTableViewCell.swift */ = {isa = PBXFileReference; fileEncoding = 4; lastKnownFileType = sourcecode.swift; path = PostTableViewCell.swift; sourceTree = "<group>"; };
		0BEFD5291BBBCAF400A75C3E /* PostTableViewCell.xib */ = {isa = PBXFileReference; fileEncoding = 4; lastKnownFileType = file.xib; path = PostTableViewCell.xib; sourceTree = "<group>"; };
/* End PBXFileReference section */

/* Begin PBXFrameworksBuildPhase section */
		0B1EF5FE1BB0FB66004CF789 /* Frameworks */ = {
			isa = PBXFrameworksBuildPhase;
			buildActionMask = 2147483647;
			files = (
				0B278CDA1BC3FC4800C3C3DA /* libz.tbd in Frameworks */,
				0B278CD81BC3FC3E00C3C3DA /* libsqlite3.tbd in Frameworks */,
				0B278CD61BC3FC0E00C3C3DA /* SystemConfiguration.framework in Frameworks */,
				0B278CD41BC3FC0600C3C3DA /* StoreKit.framework in Frameworks */,
				0B278CD21BC3FBFF00C3C3DA /* Security.framework in Frameworks */,
				0B278CD01BC3FBF700C3C3DA /* QuartzCore.framework in Frameworks */,
				0B278CCE1BC3FBEE00C3C3DA /* MobileCoreServices.framework in Frameworks */,
				0B278CCC1BC3FBE600C3C3DA /* CoreLocation.framework in Frameworks */,
				0B278CCA1BC3FBDE00C3C3DA /* CoreGraphics.framework in Frameworks */,
				0B278CC81BC3FBD200C3C3DA /* CFNetwork.framework in Frameworks */,
				0B278CC61BC3FBC400C3C3DA /* AudioToolbox.framework in Frameworks */,
				0B278CC41BC3FBAE00C3C3DA /* Parse.framework in Frameworks */,
				0B278CC31BC3FBAE00C3C3DA /* Bolts.framework in Frameworks */,
			);
			runOnlyForDeploymentPostprocessing = 0;
		};
		0B1EF6131BB0FB66004CF789 /* Frameworks */ = {
			isa = PBXFrameworksBuildPhase;
			buildActionMask = 2147483647;
			files = (
			);
			runOnlyForDeploymentPostprocessing = 0;
		};
/* End PBXFrameworksBuildPhase section */

/* Begin PBXGroup section */
		0B1EF5F81BB0FB66004CF789 = {
			isa = PBXGroup;
			children = (
				0B278CD91BC3FC4800C3C3DA /* libz.tbd */,
				0B278CD71BC3FC3E00C3C3DA /* libsqlite3.tbd */,
				0B278CD51BC3FC0E00C3C3DA /* SystemConfiguration.framework */,
				0B278CD31BC3FC0600C3C3DA /* StoreKit.framework */,
				0B278CD11BC3FBFF00C3C3DA /* Security.framework */,
				0B278CCF1BC3FBF700C3C3DA /* QuartzCore.framework */,
				0B278CCD1BC3FBEE00C3C3DA /* MobileCoreServices.framework */,
				0B278CCB1BC3FBE600C3C3DA /* CoreLocation.framework */,
				0B278CC91BC3FBDE00C3C3DA /* CoreGraphics.framework */,
				0B278CC71BC3FBD200C3C3DA /* CFNetwork.framework */,
				0B278CC51BC3FBC400C3C3DA /* AudioToolbox.framework */,
				0B1EF6031BB0FB66004CF789 /* InstagramAPP */,
				0B1EF6191BB0FB66004CF789 /* InstagramAPPTests */,
				0B1EF6021BB0FB66004CF789 /* Products */,
			);
			sourceTree = "<group>";
		};
		0B1EF6021BB0FB66004CF789 /* Products */ = {
			isa = PBXGroup;
			children = (
				0B1EF6011BB0FB66004CF789 /* InstagramAPP.app */,
				0B1EF6161BB0FB66004CF789 /* InstagramAPPTests.xctest */,
			);
			name = Products;
			sourceTree = "<group>";
		};
		0B1EF6031BB0FB66004CF789 /* InstagramAPP */ = {
			isa = PBXGroup;
			children = (
				0B278CC11BC3FBAE00C3C3DA /* Bolts.framework */,
				0B278CC21BC3FBAE00C3C3DA /* Parse.framework */,
				0B89D9B41BC14132009F6A97 /* imageFile */,
				0B6A92331BEA835B009A7B2E /* Spring */,
				0B278CE71BC514E400C3C3DA /* Extension */,
				0B1EF6061BB0FB66004CF789 /* AppDelegate.swift */,
				0B8C87DD1BE6255E00EBC0DE /* Main.storyboard */,
				0B1EF6281BB0FBC7004CF789 /* Model */,
				0B1EF6261BB0FBAE004CF789 /* View */,
				0B1EF6271BB0FBBC004CF789 /* Controller */,
				0B1EF60D1BB0FB66004CF789 /* Images.xcassets */,
				0B1EF60F1BB0FB66004CF789 /* LaunchScreen.xib */,
				0B1EF6041BB0FB66004CF789 /* Supporting Files */,
			);
			path = InstagramAPP;
			sourceTree = "<group>";
		};
		0B1EF6041BB0FB66004CF789 /* Supporting Files */ = {
			isa = PBXGroup;
			children = (
				0B1EF6051BB0FB66004CF789 /* Info.plist */,
			);
			name = "Supporting Files";
			sourceTree = "<group>";
		};
		0B1EF6191BB0FB66004CF789 /* InstagramAPPTests */ = {
			isa = PBXGroup;
			children = (
				0B1EF61C1BB0FB66004CF789 /* InstagramAPPTests.swift */,
				0B1EF61A1BB0FB66004CF789 /* Supporting Files */,
			);
			path = InstagramAPPTests;
			sourceTree = "<group>";
		};
		0B1EF61A1BB0FB66004CF789 /* Supporting Files */ = {
			isa = PBXGroup;
			children = (
				0B1EF61B1BB0FB66004CF789 /* Info.plist */,
			);
			name = "Supporting Files";
			sourceTree = "<group>";
		};
		0B1EF6261BB0FBAE004CF789 /* View */ = {
			isa = PBXGroup;
			children = (
				0BEFD5281BBBCAF400A75C3E /* PostTableViewCell.swift */,
				0BEFD5291BBBCAF400A75C3E /* PostTableViewCell.xib */,
				0B8C87E71BE62B0A00EBC0DE /* UserPostTableViewCell.swift */,
				0B8C87E81BE62B0A00EBC0DE /* UserPostTableViewCell.xib */,
				0B8C87F11BE7317900EBC0DE /* UserLikedPostTableViewCell.swift */,
				0B8C87F21BE7317900EBC0DE /* UserLikedPostTableViewCell.xib */,
				0B8C87DF1BE6283900EBC0DE /* UserTableView.swift */,
				0B8C87EF1BE72F3300EBC0DE /* UserLikedPostTableView.swift */,
			);
			name = View;
			sourceTree = "<group>";
		};
		0B1EF6271BB0FBBC004CF789 /* Controller */ = {
			isa = PBXGroup;
			children = (
				0BC47EF21BB6D85D00F83A45 /* CameraViewController.swift */,
				0BC47EF41BB6F53200F83A45 /* CustomTabBarController.swift */,
				0BEFD5261BBBC5B200A75C3E /* TimeLineTableViewController.swift */,
				0B77B6581BBD920B00C6E78C /* PostViewController.swift */,
				0B76EF511BCA22A500FF6A66 /* LoginViewController.swift */,
				0BE5F1711BCFB19900DA7FBB /* SignUpViewController.swift */,
				0BE5F1731BCFB89C00DA7FBB /* CommentViewController.swift */,
				0B8C87D31BE4BDC000EBC0DE /* UserViewController.swift */,
			);
			name = Controller;
			sourceTree = "<group>";
		};
		0B1EF6281BB0FBC7004CF789 /* Model */ = {
			isa = PBXGroup;
			children = (
				0B6A92211BEA79E6009A7B2E /* SweetAlert.swift */,
				0B278C9C1BC3F8A000C3C3DA /* Post.swift */,
				0B278C9E1BC3F8AB00C3C3DA /* User.swift */,
				0B278CA01BC3F8B500C3C3DA /* Comment.swift */,
				0B278CE51BC50D3800C3C3DA /* PostManager.swift */,
				0BA8722B1BD16EBE0052492C /* CommentManager.swift */,
				0B0B49D41BDC695F006F47BD /* Like.swift */,
				0B0B49D61BDC70DE006F47BD /* LikeManager.swift */,
				0B0B49D81BDCF635006F47BD /* CurrentUser.swift */,
			);
			name = Model;
			sourceTree = "<group>";
		};
		0B278CE71BC514E400C3C3DA /* Extension */ = {
			isa = PBXGroup;
			children = (
				0B278CE81BC5150D00C3C3DA /* NSDate+Extension.swift */,
			);
			name = Extension;
			sourceTree = "<group>";
		};
		0B6A92331BEA835B009A7B2E /* Spring */ = {
			isa = PBXGroup;
			children = (
				0B6A92341BEA835B009A7B2E /* AsyncButton.swift */,
				0B6A92351BEA835B009A7B2E /* AsyncImageView.swift */,
				0B6A92361BEA835B009A7B2E /* AutoTextView.swift */,
				0B6A92371BEA835B009A7B2E /* BlurView.swift */,
				0B6A92381BEA835B009A7B2E /* DesignableButton.swift */,
				0B6A92391BEA835B009A7B2E /* DesignableImageView.swift */,
				0B6A923A1BEA835B009A7B2E /* DesignableLabel.swift */,
				0B6A923B1BEA835B009A7B2E /* DesignableTabBarController.swift */,
				0B6A923C1BEA835B009A7B2E /* DesignableTextField.swift */,
				0B6A923D1BEA835B009A7B2E /* DesignableTextView.swift */,
				0B6A923E1BEA835B009A7B2E /* DesignableView.swift */,
				0B6A923F1BEA835B009A7B2E /* ImageLoader.swift */,
				0B6A92401BEA835B009A7B2E /* Info.plist */,
				0B6A92411BEA835B009A7B2E /* KeyboardLayoutConstraint.swift */,
				0B6A92421BEA835B009A7B2E /* LoadingView.swift */,
				0B6A92431BEA835B009A7B2E /* LoadingView.xib */,
				0B6A92441BEA835B009A7B2E /* Misc.swift */,
				0B6A92451BEA835B009A7B2E /* SoundPlayer.swift */,
				0B6A92461BEA835B009A7B2E /* Spring.h */,
				0B6A92471BEA835B009A7B2E /* Spring.swift */,
				0B6A92481BEA835B009A7B2E /* SpringAnimation.swift */,
				0B6A92491BEA835B009A7B2E /* SpringButton.swift */,
				0B6A924A1BEA835B009A7B2E /* SpringImageView.swift */,
				0B6A924B1BEA835B009A7B2E /* SpringLabel.swift */,
				0B6A924C1BEA835B009A7B2E /* SpringTextField.swift */,
				0B6A924D1BEA835B009A7B2E /* SpringTextView.swift */,
				0B6A924E1BEA835B009A7B2E /* SpringView.swift */,
				0B6A924F1BEA835B009A7B2E /* TransitionManager.swift */,
				0B6A92501BEA835B009A7B2E /* TransitionZoom.swift */,
				0B6A92511BEA835B009A7B2E /* UnwindSegue.swift */,
			);
			path = Spring;
			sourceTree = "<group>";
		};
		0B89D9B41BC14132009F6A97 /* imageFile */ = {
			isa = PBXGroup;
			children = (
				0B2E8F1B1BF364E600C1440B /* newHeartGray.jpg */,
				0B2E8F1C1BF364E600C1440B /* newHeartRed.jpg */,
				0B2E8F1F1BF365D400C1440B /* newCommentGray.jpg */,
				0B2E8F191BF35FD500C1440B /* commentGray.jpg */,
				0B6A92311BEA7E57009A7B2E /* successIcon@2x.png */,
				0B099C771BDF5B06004748A0 /* Camera-50.png */,
				0B099C8B1BDFBDBA004748A0 /* Camera Filled-32.png */,
				0B099C851BDFB26B004748A0 /* Home Filled-32.png */,
				0B099C831BDFB256004748A0 /* User Filled-32.png */,
				0B099C811BDFB147004748A0 /* User-32.png */,
				0B099C7B1BDF5CA7004748A0 /* Camera-32.png */,
				0BE5F17D1BD01A5B00DA7FBB /* Twitter-50.png */,
				0BE5F17E1BD01A5B00DA7FBB /* Hearts Filled-50.png */,
				0BE5F17F1BD01A5B00DA7FBB /* Hearts-50.png */,
				0BE5F1751BD01A4700DA7FBB /* Redo-50.png */,
				0BE5F1761BD01A4700DA7FBB /* Speech Bubble Filled-50.png */,
				0BE5F1771BD01A4700DA7FBB /* Speech Bubble-50.png */,
				0BE5F1781BD01A4700DA7FBB /* Facebook-50.png */,
				0B76EF531BCA8A5C00FF6A66 /* Circled User .png */,
				0B89D9B91BC14342009F6A97 /* サクラダファミリア.jpg */,
				0B89D9BB1BC14682009F6A97 /* pinkritoru .jpg */,
				0B89D9B71BC14249009F6A97 /* リトル・ミー.jpeg */,
				0B099C871BDFB323004748A0 /* home.png */,
				0B2E8F211BF3660400C1440B /* newShareMenuGray.jpg */,
			);
			name = imageFile;
			sourceTree = "<group>";
		};
/* End PBXGroup section */

/* Begin PBXNativeTarget section */
		0B1EF6001BB0FB66004CF789 /* InstagramAPP */ = {
			isa = PBXNativeTarget;
			buildConfigurationList = 0B1EF6201BB0FB66004CF789 /* Build configuration list for PBXNativeTarget "InstagramAPP" */;
			buildPhases = (
				0B1EF5FD1BB0FB66004CF789 /* Sources */,
				0B1EF5FE1BB0FB66004CF789 /* Frameworks */,
				0B1EF5FF1BB0FB66004CF789 /* Resources */,
			);
			buildRules = (
			);
			dependencies = (
			);
			name = InstagramAPP;
			productName = InstagramAPP;
			productReference = 0B1EF6011BB0FB66004CF789 /* InstagramAPP.app */;
			productType = "com.apple.product-type.application";
		};
		0B1EF6151BB0FB66004CF789 /* InstagramAPPTests */ = {
			isa = PBXNativeTarget;
			buildConfigurationList = 0B1EF6231BB0FB66004CF789 /* Build configuration list for PBXNativeTarget "InstagramAPPTests" */;
			buildPhases = (
				0B1EF6121BB0FB66004CF789 /* Sources */,
				0B1EF6131BB0FB66004CF789 /* Frameworks */,
				0B1EF6141BB0FB66004CF789 /* Resources */,
			);
			buildRules = (
			);
			dependencies = (
				0B1EF6181BB0FB66004CF789 /* PBXTargetDependency */,
			);
			name = InstagramAPPTests;
			productName = InstagramAPPTests;
			productReference = 0B1EF6161BB0FB66004CF789 /* InstagramAPPTests.xctest */;
			productType = "com.apple.product-type.bundle.unit-test";
		};
/* End PBXNativeTarget section */

/* Begin PBXProject section */
		0B1EF5F91BB0FB66004CF789 /* Project object */ = {
			isa = PBXProject;
			attributes = {
				LastSwiftMigration = 0700;
				LastSwiftUpdateCheck = 0700;
				LastUpgradeCheck = 0700;
				ORGANIZATIONNAME = "櫻本静香";
				TargetAttributes = {
					0B1EF6001BB0FB66004CF789 = {
						CreatedOnToolsVersion = 6.4;
						DevelopmentTeam = 9BVTCLL925;
					};
					0B1EF6151BB0FB66004CF789 = {
						CreatedOnToolsVersion = 6.4;
						TestTargetID = 0B1EF6001BB0FB66004CF789;
					};
				};
			};
			buildConfigurationList = 0B1EF5FC1BB0FB66004CF789 /* Build configuration list for PBXProject "InstagramAPP" */;
			compatibilityVersion = "Xcode 3.2";
			developmentRegion = English;
			hasScannedForEncodings = 0;
			knownRegions = (
				en,
				Base,
			);
			mainGroup = 0B1EF5F81BB0FB66004CF789;
			productRefGroup = 0B1EF6021BB0FB66004CF789 /* Products */;
			projectDirPath = "";
			projectRoot = "";
			targets = (
				0B1EF6001BB0FB66004CF789 /* InstagramAPP */,
				0B1EF6151BB0FB66004CF789 /* InstagramAPPTests */,
			);
		};
/* End PBXProject section */

/* Begin PBXResourcesBuildPhase section */
		0B1EF5FF1BB0FB66004CF789 /* Resources */ = {
			isa = PBXResourcesBuildPhase;
			buildActionMask = 2147483647;
			files = (
				0B76EF541BCA8A5C00FF6A66 /* Circled User .png in Resources */,
				0BE5F1801BD01A5B00DA7FBB /* Twitter-50.png in Resources */,
				0B8C87EA1BE62B0A00EBC0DE /* UserPostTableViewCell.xib in Resources */,
				0B099C881BDFB323004748A0 /* home.png in Resources */,
				0B099C841BDFB256004748A0 /* User Filled-32.png in Resources */,
				0B89D9BC1BC14682009F6A97 /* pinkritoru .jpg in Resources */,
				0B8C87DE1BE6255E00EBC0DE /* Main.storyboard in Resources */,
				0B099C7C1BDF5CA7004748A0 /* Camera-32.png in Resources */,
				0B2E8F1E1BF364E600C1440B /* newHeartRed.jpg in Resources */,
				0B2E8F1A1BF35FD500C1440B /* commentGray.jpg in Resources */,
				0BE5F1791BD01A4700DA7FBB /* Redo-50.png in Resources */,
				0B89D9B81BC14249009F6A97 /* リトル・ミー.jpeg in Resources */,
				0BE5F17A1BD01A4700DA7FBB /* Speech Bubble Filled-50.png in Resources */,
				0B099C781BDF5B07004748A0 /* Camera-50.png in Resources */,
				0B2E8F221BF3660400C1440B /* newShareMenuGray.jpg in Resources */,
				0B6A925E1BEA835B009A7B2E /* Info.plist in Resources */,
				0BE5F1811BD01A5B00DA7FBB /* Hearts Filled-50.png in Resources */,
				0B6A92321BEA7E57009A7B2E /* successIcon@2x.png in Resources */,
				0B6A92611BEA835B009A7B2E /* LoadingView.xib in Resources */,
				0B1EF6111BB0FB66004CF789 /* LaunchScreen.xib in Resources */,
				0B099C8C1BDFBDBA004748A0 /* Camera Filled-32.png in Resources */,
				0B099C861BDFB26B004748A0 /* Home Filled-32.png in Resources */,
				0B2E8F201BF365D400C1440B /* newCommentGray.jpg in Resources */,
				0B2E8F1D1BF364E600C1440B /* newHeartGray.jpg in Resources */,
				0B8C87F41BE7317900EBC0DE /* UserLikedPostTableViewCell.xib in Resources */,
				0BE5F1821BD01A5B00DA7FBB /* Hearts-50.png in Resources */,
				0B099C821BDFB147004748A0 /* User-32.png in Resources */,
				0BEFD52B1BBBCAF400A75C3E /* PostTableViewCell.xib in Resources */,
				0BE5F17B1BD01A4700DA7FBB /* Speech Bubble-50.png in Resources */,
				0B89D9BA1BC14342009F6A97 /* サクラダファミリア.jpg in Resources */,
				0BE5F17C1BD01A4700DA7FBB /* Facebook-50.png in Resources */,
				0B1EF60E1BB0FB66004CF789 /* Images.xcassets in Resources */,
			);
			runOnlyForDeploymentPostprocessing = 0;
		};
		0B1EF6141BB0FB66004CF789 /* Resources */ = {
			isa = PBXResourcesBuildPhase;
			buildActionMask = 2147483647;
			files = (
			);
			runOnlyForDeploymentPostprocessing = 0;
		};
/* End PBXResourcesBuildPhase section */

/* Begin PBXSourcesBuildPhase section */
		0B1EF5FD1BB0FB66004CF789 /* Sources */ = {
			isa = PBXSourcesBuildPhase;
			buildActionMask = 2147483647;
			files = (
				0BA8722C1BD16EBE0052492C /* CommentManager.swift in Sources */,
				0B6A92581BEA835B009A7B2E /* DesignableLabel.swift in Sources */,
				0B6A92551BEA835B009A7B2E /* BlurView.swift in Sources */,
				0B6A926E1BEA835B009A7B2E /* UnwindSegue.swift in Sources */,
				0B6A925B1BEA835B009A7B2E /* DesignableTextView.swift in Sources */,
				0BE5F1741BCFB89C00DA7FBB /* CommentViewController.swift in Sources */,
				0B6A925F1BEA835B009A7B2E /* KeyboardLayoutConstraint.swift in Sources */,
				0B6A925A1BEA835B009A7B2E /* DesignableTextField.swift in Sources */,
				0B8C87F01BE72F3300EBC0DE /* UserLikedPostTableView.swift in Sources */,
				0B0B49D71BDC70DE006F47BD /* LikeManager.swift in Sources */,
				0B76EF521BCA22A500FF6A66 /* LoginViewController.swift in Sources */,
				0B6A92631BEA835B009A7B2E /* SoundPlayer.swift in Sources */,
				0B278CE91BC5150D00C3C3DA /* NSDate+Extension.swift in Sources */,
				0BC47EF51BB6F53200F83A45 /* CustomTabBarController.swift in Sources */,
				0B1EF6071BB0FB66004CF789 /* AppDelegate.swift in Sources */,
				0BEFD52A1BBBCAF400A75C3E /* PostTableViewCell.swift in Sources */,
				0B6A92681BEA835B009A7B2E /* SpringLabel.swift in Sources */,
				0B77B6591BBD920B00C6E78C /* PostViewController.swift in Sources */,
				0B6A925D1BEA835B009A7B2E /* ImageLoader.swift in Sources */,
				0B278C9F1BC3F8AB00C3C3DA /* User.swift in Sources */,
				0B6A92601BEA835B009A7B2E /* LoadingView.swift in Sources */,
				0B6A92621BEA835B009A7B2E /* Misc.swift in Sources */,
				0B6A92521BEA835B009A7B2E /* AsyncButton.swift in Sources */,
				0B6A92221BEA79E6009A7B2E /* SweetAlert.swift in Sources */,
				0B6A926C1BEA835B009A7B2E /* TransitionManager.swift in Sources */,
				0B6A92531BEA835B009A7B2E /* AsyncImageView.swift in Sources */,
				0B6A925C1BEA835B009A7B2E /* DesignableView.swift in Sources */,
				0B6A92661BEA835B009A7B2E /* SpringButton.swift in Sources */,
				0B6A92691BEA835B009A7B2E /* SpringTextField.swift in Sources */,
				0B6A92671BEA835B009A7B2E /* SpringImageView.swift in Sources */,
				0BC47EF31BB6D85D00F83A45 /* CameraViewController.swift in Sources */,
				0B6A92571BEA835B009A7B2E /* DesignableImageView.swift in Sources */,
				0B6A926D1BEA835B009A7B2E /* TransitionZoom.swift in Sources */,
				0B6A92591BEA835B009A7B2E /* DesignableTabBarController.swift in Sources */,
				0B6A92641BEA835B009A7B2E /* Spring.swift in Sources */,
				0B0B49D51BDC695F006F47BD /* Like.swift in Sources */,
				0B278C9D1BC3F8A000C3C3DA /* Post.swift in Sources */,
				0B278CA11BC3F8B500C3C3DA /* Comment.swift in Sources */,
				0B8C87F31BE7317900EBC0DE /* UserLikedPostTableViewCell.swift in Sources */,
				0B278CE61BC50D3800C3C3DA /* PostManager.swift in Sources */,
				0BE5F1721BCFB19900DA7FBB /* SignUpViewController.swift in Sources */,
				0B6A92541BEA835B009A7B2E /* AutoTextView.swift in Sources */,
				0B8C87E91BE62B0A00EBC0DE /* UserPostTableViewCell.swift in Sources */,
				0B6A926A1BEA835B009A7B2E /* SpringTextView.swift in Sources */,
				0B6A926B1BEA835B009A7B2E /* SpringView.swift in Sources */,
				0B8C87E01BE6283900EBC0DE /* UserTableView.swift in Sources */,
				0B0B49D91BDCF635006F47BD /* CurrentUser.swift in Sources */,
				0BEFD5271BBBC5B200A75C3E /* TimeLineTableViewController.swift in Sources */,
				0B6A92651BEA835B009A7B2E /* SpringAnimation.swift in Sources */,
				0B8C87D41BE4BDC000EBC0DE /* UserViewController.swift in Sources */,
				0B6A92561BEA835B009A7B2E /* DesignableButton.swift in Sources */,
			);
			runOnlyForDeploymentPostprocessing = 0;
		};
		0B1EF6121BB0FB66004CF789 /* Sources */ = {
			isa = PBXSourcesBuildPhase;
			buildActionMask = 2147483647;
			files = (
				0B1EF61D1BB0FB66004CF789 /* InstagramAPPTests.swift in Sources */,
			);
			runOnlyForDeploymentPostprocessing = 0;
		};
/* End PBXSourcesBuildPhase section */

/* Begin PBXTargetDependency section */
		0B1EF6181BB0FB66004CF789 /* PBXTargetDependency */ = {
			isa = PBXTargetDependency;
			target = 0B1EF6001BB0FB66004CF789 /* InstagramAPP */;
			targetProxy = 0B1EF6171BB0FB66004CF789 /* PBXContainerItemProxy */;
		};
/* End PBXTargetDependency section */

/* Begin PBXVariantGroup section */
		0B1EF60F1BB0FB66004CF789 /* LaunchScreen.xib */ = {
			isa = PBXVariantGroup;
			children = (
				0B1EF6101BB0FB66004CF789 /* Base */,
			);
			name = LaunchScreen.xib;
			sourceTree = "<group>";
		};
/* End PBXVariantGroup section */

/* Begin XCBuildConfiguration section */
		0B1EF61E1BB0FB66004CF789 /* Debug */ = {
			isa = XCBuildConfiguration;
			buildSettings = {
				ALWAYS_SEARCH_USER_PATHS = NO;
				CLANG_CXX_LANGUAGE_STANDARD = "gnu++0x";
				CLANG_CXX_LIBRARY = "libc++";
				CLANG_ENABLE_MODULES = YES;
				CLANG_ENABLE_OBJC_ARC = YES;
				CLANG_WARN_BOOL_CONVERSION = YES;
				CLANG_WARN_CONSTANT_CONVERSION = YES;
				CLANG_WARN_DIRECT_OBJC_ISA_USAGE = YES_ERROR;
				CLANG_WARN_EMPTY_BODY = YES;
				CLANG_WARN_ENUM_CONVERSION = YES;
				CLANG_WARN_INT_CONVERSION = YES;
				CLANG_WARN_OBJC_ROOT_CLASS = YES_ERROR;
				CLANG_WARN_UNREACHABLE_CODE = YES;
				CLANG_WARN__DUPLICATE_METHOD_MATCH = YES;
				"CODE_SIGN_IDENTITY[sdk=iphoneos*]" = "iPhone Developer";
				COPY_PHASE_STRIP = NO;
				DEBUG_INFORMATION_FORMAT = "dwarf-with-dsym";
				ENABLE_STRICT_OBJC_MSGSEND = YES;
				ENABLE_TESTABILITY = YES;
				GCC_C_LANGUAGE_STANDARD = gnu99;
				GCC_DYNAMIC_NO_PIC = NO;
				GCC_NO_COMMON_BLOCKS = YES;
				GCC_OPTIMIZATION_LEVEL = 0;
				GCC_PREPROCESSOR_DEFINITIONS = (
					"DEBUG=1",
					"$(inherited)",
				);
				GCC_SYMBOLS_PRIVATE_EXTERN = NO;
				GCC_WARN_64_TO_32_BIT_CONVERSION = YES;
				GCC_WARN_ABOUT_RETURN_TYPE = YES_ERROR;
				GCC_WARN_UNDECLARED_SELECTOR = YES;
				GCC_WARN_UNINITIALIZED_AUTOS = YES_AGGRESSIVE;
				GCC_WARN_UNUSED_FUNCTION = YES;
				GCC_WARN_UNUSED_VARIABLE = YES;
				IPHONEOS_DEPLOYMENT_TARGET = 8.4;
				MTL_ENABLE_DEBUG_INFO = YES;
				ONLY_ACTIVE_ARCH = YES;
				SDKROOT = iphoneos;
				SWIFT_OPTIMIZATION_LEVEL = "-Onone";
			};
			name = Debug;
		};
		0B1EF61F1BB0FB66004CF789 /* Release */ = {
			isa = XCBuildConfiguration;
			buildSettings = {
				ALWAYS_SEARCH_USER_PATHS = NO;
				CLANG_CXX_LANGUAGE_STANDARD = "gnu++0x";
				CLANG_CXX_LIBRARY = "libc++";
				CLANG_ENABLE_MODULES = YES;
				CLANG_ENABLE_OBJC_ARC = YES;
				CLANG_WARN_BOOL_CONVERSION = YES;
				CLANG_WARN_CONSTANT_CONVERSION = YES;
				CLANG_WARN_DIRECT_OBJC_ISA_USAGE = YES_ERROR;
				CLANG_WARN_EMPTY_BODY = YES;
				CLANG_WARN_ENUM_CONVERSION = YES;
				CLANG_WARN_INT_CONVERSION = YES;
				CLANG_WARN_OBJC_ROOT_CLASS = YES_ERROR;
				CLANG_WARN_UNREACHABLE_CODE = YES;
				CLANG_WARN__DUPLICATE_METHOD_MATCH = YES;
				"CODE_SIGN_IDENTITY[sdk=iphoneos*]" = "iPhone Developer";
				COPY_PHASE_STRIP = NO;
				DEBUG_INFORMATION_FORMAT = "dwarf-with-dsym";
				ENABLE_NS_ASSERTIONS = NO;
				ENABLE_STRICT_OBJC_MSGSEND = YES;
				GCC_C_LANGUAGE_STANDARD = gnu99;
				GCC_NO_COMMON_BLOCKS = YES;
				GCC_WARN_64_TO_32_BIT_CONVERSION = YES;
				GCC_WARN_ABOUT_RETURN_TYPE = YES_ERROR;
				GCC_WARN_UNDECLARED_SELECTOR = YES;
				GCC_WARN_UNINITIALIZED_AUTOS = YES_AGGRESSIVE;
				GCC_WARN_UNUSED_FUNCTION = YES;
				GCC_WARN_UNUSED_VARIABLE = YES;
				IPHONEOS_DEPLOYMENT_TARGET = 8.4;
				MTL_ENABLE_DEBUG_INFO = NO;
				SDKROOT = iphoneos;
				VALIDATE_PRODUCT = YES;
			};
			name = Release;
		};
		0B1EF6211BB0FB66004CF789 /* Debug */ = {
			isa = XCBuildConfiguration;
			buildSettings = {
				ASSETCATALOG_COMPILER_APPICON_NAME = AppIcon;
				CODE_SIGN_IDENTITY = "iPhone Developer";
				"CODE_SIGN_IDENTITY[sdk=iphoneos*]" = "iPhone Developer";
				FRAMEWORK_SEARCH_PATHS = (
					"$(inherited)",
					"$(PROJECT_DIR)/InstagramAPP/リソース/parse-library-1.8.2",
					"$(PROJECT_DIR)",
					"$(PROJECT_DIR)/InstagramAPP",
				);
				INFOPLIST_FILE = InstagramAPP/Info.plist;
				LD_RUNPATH_SEARCH_PATHS = "$(inherited) @executable_path/Frameworks";
				PRODUCT_BUNDLE_IDENTIFIER = "jp.shizuka.sakuramoto.$(PRODUCT_NAME:rfc1034identifier)";
				PRODUCT_NAME = "$(TARGET_NAME)";
				PROVISIONING_PROFILE = "";
			};
			name = Debug;
		};
		0B1EF6221BB0FB66004CF789 /* Release */ = {
			isa = XCBuildConfiguration;
			buildSettings = {
				ASSETCATALOG_COMPILER_APPICON_NAME = AppIcon;
				CODE_SIGN_IDENTITY = "iPhone Developer";
				"CODE_SIGN_IDENTITY[sdk=iphoneos*]" = "iPhone Developer";
				FRAMEWORK_SEARCH_PATHS = (
					"$(inherited)",
					"$(PROJECT_DIR)/InstagramAPP/リソース/parse-library-1.8.2",
					"$(PROJECT_DIR)",
					"$(PROJECT_DIR)/InstagramAPP",
				);
				INFOPLIST_FILE = InstagramAPP/Info.plist;
				LD_RUNPATH_SEARCH_PATHS = "$(inherited) @executable_path/Frameworks";
				PRODUCT_BUNDLE_IDENTIFIER = "jp.shizuka.sakuramoto.$(PRODUCT_NAME:rfc1034identifier)";
				PRODUCT_NAME = "$(TARGET_NAME)";
				PROVISIONING_PROFILE = "";
			};
			name = Release;
		};
		0B1EF6241BB0FB66004CF789 /* Debug */ = {
			isa = XCBuildConfiguration;
			buildSettings = {
				BUNDLE_LOADER = "$(TEST_HOST)";
				FRAMEWORK_SEARCH_PATHS = (
					"$(SDKROOT)/Developer/Library/Frameworks",
					"$(inherited)",
				);
				GCC_PREPROCESSOR_DEFINITIONS = (
					"DEBUG=1",
					"$(inherited)",
				);
				INFOPLIST_FILE = InstagramAPPTests/Info.plist;
				LD_RUNPATH_SEARCH_PATHS = "$(inherited) @executable_path/Frameworks @loader_path/Frameworks";
				PRODUCT_BUNDLE_IDENTIFIER = "jp.shizuka.sakuramoto.$(PRODUCT_NAME:rfc1034identifier)";
				PRODUCT_NAME = "$(TARGET_NAME)";
				TEST_HOST = "$(BUILT_PRODUCTS_DIR)/InstagramAPP.app/InstagramAPP";
			};
			name = Debug;
		};
		0B1EF6251BB0FB66004CF789 /* Release */ = {
			isa = XCBuildConfiguration;
			buildSettings = {
				BUNDLE_LOADER = "$(TEST_HOST)";
				FRAMEWORK_SEARCH_PATHS = (
					"$(SDKROOT)/Developer/Library/Frameworks",
					"$(inherited)",
				);
				INFOPLIST_FILE = InstagramAPPTests/Info.plist;
				LD_RUNPATH_SEARCH_PATHS = "$(inherited) @executable_path/Frameworks @loader_path/Frameworks";
				PRODUCT_BUNDLE_IDENTIFIER = "jp.shizuka.sakuramoto.$(PRODUCT_NAME:rfc1034identifier)";
				PRODUCT_NAME = "$(TARGET_NAME)";
				TEST_HOST = "$(BUILT_PRODUCTS_DIR)/InstagramAPP.app/InstagramAPP";
			};
			name = Release;
		};
/* End XCBuildConfiguration section */

/* Begin XCConfigurationList section */
		0B1EF5FC1BB0FB66004CF789 /* Build configuration list for PBXProject "InstagramAPP" */ = {
			isa = XCConfigurationList;
			buildConfigurations = (
				0B1EF61E1BB0FB66004CF789 /* Debug */,
				0B1EF61F1BB0FB66004CF789 /* Release */,
			);
			defaultConfigurationIsVisible = 0;
			defaultConfigurationName = Release;
		};
		0B1EF6201BB0FB66004CF789 /* Build configuration list for PBXNativeTarget "InstagramAPP" */ = {
			isa = XCConfigurationList;
			buildConfigurations = (
				0B1EF6211BB0FB66004CF789 /* Debug */,
				0B1EF6221BB0FB66004CF789 /* Release */,
			);
			defaultConfigurationIsVisible = 0;
			defaultConfigurationName = Release;
		};
		0B1EF6231BB0FB66004CF789 /* Build configuration list for PBXNativeTarget "InstagramAPPTests" */ = {
			isa = XCConfigurationList;
			buildConfigurations = (
				0B1EF6241BB0FB66004CF789 /* Debug */,
				0B1EF6251BB0FB66004CF789 /* Release */,
			);
			defaultConfigurationIsVisible = 0;
			defaultConfigurationName = Release;
		};
/* End XCConfigurationList section */
	};
	rootObject = 0B1EF5F91BB0FB66004CF789 /* Project object */;
}
